
Microsoft Visual Studio Solution File, Format Version 12.00
# Visual Studio 14
VisualStudioVersion = 14.0.24720.0
MinimumVisualStudioVersion = 10.0.40219.1
Project("{FAE04EC0-301F-11D3-BF4B-00C04F79EFBC}") = "ASPNETIdentity_GoogleAuthenticator", "ASPNETIdentity_GoogleAuthenticator\ASPNETIdentity_GoogleAuthenticator.csproj", "{C96E6CE2-4719-4DDD-A393-8E8FF5505478}"
EndProject
Project("{FAE04EC0-301F-11D3-BF4B-00C04F79EFBC}") = "SecurityCore", "SecurityCore\SecurityCore.csproj", "{CD184BFB-2CE2-4413-82DF-41E60159BD67}"
EndProject
Global
	GlobalSection(SolutionConfigurationPlatforms) = preSolution
		Debug|Any CPU = Debug|Any CPU
		Release|Any CPU = Release|Any CPU
	EndGlobalSection
	GlobalSection(ProjectConfigurationPlatforms) = postSolution
		{C96E6CE2-4719-4DDD-A393-8E8FF5505478}.Debug|Any CPU.ActiveCfg = Debug|Any CPU
		{C96E6CE2-4719-4DDD-A393-8E8FF5505478}.Debug|Any CPU.Build.0 = Debug|Any CPU
		{C96E6CE2-4719-4DDD-A393-8E8FF5505478}.Release|Any CPU.ActiveCfg = Release|Any CPU
		{C96E6CE2-4719-4DDD-A393-8E8FF5505478}.Release|Any CPU.Build.0 = Release|Any CPU
		{CD184BFB-2CE2-4413-82DF-41E60159BD67}.Debug|Any CPU.ActiveCfg = Debug|Any CPU
		{CD184BFB-2CE2-4413-82DF-41E60159BD67}.Debug|Any CPU.Build.0 = Debug|Any CPU
		{CD184BFB-2CE2-4413-82DF-41E60159BD67}.Release|Any CPU.ActiveCfg = Release|Any CPU
		{CD184BFB-2CE2-4413-82DF-41E60159BD67}.Release|Any CPU.Build.0 = Release|Any CPU
	EndGlobalSection
	GlobalSection(SolutionProperties) = preSolution
		HideSolutionNode = FALSE
	EndGlobalSection
EndGlobal
